
Microsoft Visual Studio Solution File, Format Version 12.00
# Visual Studio Version 17
VisualStudioVersion = 17.0.32014.148
MinimumVisualStudioVersion = 10.0.40219.1
Project("{FAE04EC0-301F-11D3-BF4B-00C04F79EFBC}") = "Blazor-Pelis-WebAssembly.Server", "Blazor-Pelis-WebAssembly\Server\Blazor-Pelis-WebAssembly.Server.csproj", "{8ABC1A81-A767-43C4-8270-23FBE452CA40}"
EndProject
Project("{FAE04EC0-301F-11D3-BF4B-00C04F79EFBC}") = "Blazor-Pelis-WebAssembly.Client", "Blazor-Pelis-WebAssembly\Client\Blazor-Pelis-WebAssembly.Client.csproj", "{255600AB-21E6-4ECD-A937-96CFD335FB54}"
EndProject
Project("{FAE04EC0-301F-11D3-BF4B-00C04F79EFBC}") = "Blazor-Pelis-WebAssembly.Shared", "Blazor-Pelis-WebAssembly\Shared\Blazor-Pelis-WebAssembly.Shared.csproj", "{4D303AF6-E978-4D7E-8C00-9B09EE575EBA}"
EndProject
Global
	GlobalSection(SolutionConfigurationPlatforms) = preSolution
		Debug|Any CPU = Debug|Any CPU
		Release|Any CPU = Release|Any CPU
	EndGlobalSection
	GlobalSection(ProjectConfigurationPlatforms) = postSolution
		{8ABC1A81-A767-43C4-8270-23FBE452CA40}.Debug|Any CPU.ActiveCfg = Debug|Any CPU
		{8ABC1A81-A767-43C4-8270-23FBE452CA40}.Debug|Any CPU.Build.0 = Debug|Any CPU
		{8ABC1A81-A767-43C4-8270-23FBE452CA40}.Release|Any CPU.ActiveCfg = Release|Any CPU
		{8ABC1A81-A767-43C4-8270-23FBE452CA40}.Release|Any CPU.Build.0 = Release|Any CPU
		{255600AB-21E6-4ECD-A937-96CFD335FB54}.Debug|Any CPU.ActiveCfg = Debug|Any CPU
		{255600AB-21E6-4ECD-A937-96CFD335FB54}.Debug|Any CPU.Build.0 = Debug|Any CPU
		{255600AB-21E6-4ECD-A937-96CFD335FB54}.Release|Any CPU.ActiveCfg = Release|Any CPU
		{255600AB-21E6-4ECD-A937-96CFD335FB54}.Release|Any CPU.Build.0 = Release|Any CPU
		{4D303AF6-E978-4D7E-8C00-9B09EE575EBA}.Debug|Any CPU.ActiveCfg = Debug|Any CPU
		{4D303AF6-E978-4D7E-8C00-9B09EE575EBA}.Debug|Any CPU.Build.0 = Debug|Any CPU
		{4D303AF6-E978-4D7E-8C00-9B09EE575EBA}.Release|Any CPU.ActiveCfg = Release|Any CPU
		{4D303AF6-E978-4D7E-8C00-9B09EE575EBA}.Release|Any CPU.Build.0 = Release|Any CPU
	EndGlobalSection
	GlobalSection(SolutionProperties) = preSolution
		HideSolutionNode = FALSE
	EndGlobalSection
	GlobalSection(ExtensibilityGlobals) = postSolution
		SolutionGuid = {0F4B0C67-3ECC-44E3-B348-7262C06863CD}
	EndGlobalSection
EndGlobal
